// !$*UTF8*$!
{
	archiveVersion = 1;
	classes = {
	};
	objectVersion = 77;
	objects = {

/* Begin PBXBuildFile section */
		15E4C6E77A732228CB6A85E4 /* GospelView.swift in Sources */ = {isa = PBXBuildFile; fileRef = 5432F29141E5189E1958F9DE /* GospelView.swift */; };
		1D8DD35759F0A18540D54991 /* TransferClient.swift in Sources */ = {isa = PBXBuildFile; fileRef = 38C85823B90ACADB3F57C706 /* TransferClient.swift */; };
		230A4766305DD548CB2D344B /* TransferHistoryStore.swift in Sources */ = {isa = PBXBuildFile; fileRef = 24EEC8040246727B997312F9 /* TransferHistoryStore.swift */; };
		40A5AB411E09E16FD7CBD087 /* TransferServer.swift in Sources */ = {isa = PBXBuildFile; fileRef = 9096DF6AAAC2044834A19A7E /* TransferServer.swift */; };
		477530F4F4A0291DF5232C9D /* Assets.xcassets in Resources */ = {isa = PBXBuildFile; fileRef = 4A2C351C1265996456B9DDFE /* Assets.xcassets */; };
		53399A7D7D4E5EAC66E528B0 /* ConnectionReader.swift in Sources */ = {isa = PBXBuildFile; fileRef = B948FD5111E2E38518484A78 /* ConnectionReader.swift */; };
		6EAE0A10C4C43086E9182B3D /* ZIPFoundation in Frameworks */ = {isa = PBXBuildFile; productRef = 91DD657150A8D4E642970DC3 /* ZIPFoundation */; };
		7BA5C4E651F2AACC5CE5359B /* FileHustleApp.swift in Sources */ = {isa = PBXBuildFile; fileRef = AABFBAFEC4FA714747B986F8 /* FileHustleApp.swift */; };
		80ED50641049577D6BEEE7EE /* TransferHistoryRow.swift in Sources */ = {isa = PBXBuildFile; fileRef = 0DDADF61DD3B1B567607E140 /* TransferHistoryRow.swift */; };
		897E449C41E9AD0DE4FBBBA4 /* DeviceIdentity.swift in Sources */ = {isa = PBXBuildFile; fileRef = 1239866AA7DB440034EA9251 /* DeviceIdentity.swift */; };
		965233A70FD2942B9E2AF68C /* AboutView.swift in Sources */ = {isa = PBXBuildFile; fileRef = BC7E1440DE7564141BA6801E /* AboutView.swift */; };
		B4CF2DE84D9DD8B4673722D6 /* TransferModels.swift in Sources */ = {isa = PBXBuildFile; fileRef = 5DB0393CC5A813628DEA2264 /* TransferModels.swift */; };
		B5A3C13ACBFA0563D27395DD /* IncomingTransferSheet.swift in Sources */ = {isa = PBXBuildFile; fileRef = F4C4AA36BB4A66B17595DCD6 /* IncomingTransferSheet.swift */; };
		C86363C6D870F5C02878E0FF /* NWConnection+Async.swift in Sources */ = {isa = PBXBuildFile; fileRef = B9B794ECE0269FC3991C4A9C /* NWConnection+Async.swift */; };
		CDBDFE0BAE8A58DC4186EE13 /* ContentView.swift in Sources */ = {isa = PBXBuildFile; fileRef = 8BE1FFD59DEB3E418DF63447 /* ContentView.swift */; };
		D7FD96603F9E17456EC8422C /* PeerBrowser.swift in Sources */ = {isa = PBXBuildFile; fileRef = 36E2C22D61BE1728854064AA /* PeerBrowser.swift */; };
		E08DA3D19654C0C43276EC8F /* BonjourInstanceName.swift in Sources */ = {isa = PBXBuildFile; fileRef = 8A112E8054C5703B662607CC /* BonjourInstanceName.swift */; };
		E0C5850C221E67387157E8F0 /* ByteCountFormatting.swift in Sources */ = {isa = PBXBuildFile; fileRef = 7EBBB1799338B1D3BA2B6F74 /* ByteCountFormatting.swift */; };
		E7916DD4F980B7DF01A8D6FF /* PulsingCrossButton.swift in Sources */ = {isa = PBXBuildFile; fileRef = F3682AD0C55B235F4012CC34 /* PulsingCrossButton.swift */; };
/* End PBXBuildFile section */

/* Begin PBXFileReference section */
		0DDADF61DD3B1B567607E140 /* TransferHistoryRow.swift */ = {isa = PBXFileReference; lastKnownFileType = sourcecode.swift; path = TransferHistoryRow.swift; sourceTree = "<group>"; };
		1239866AA7DB440034EA9251 /* DeviceIdentity.swift */ = {isa = PBXFileReference; lastKnownFileType = sourcecode.swift; path = DeviceIdentity.swift; sourceTree = "<group>"; };
		24EEC8040246727B997312F9 /* TransferHistoryStore.swift */ = {isa = PBXFileReference; lastKnownFileType = sourcecode.swift; path = TransferHistoryStore.swift; sourceTree = "<group>"; };
		36E2C22D61BE1728854064AA /* PeerBrowser.swift */ = {isa = PBXFileReference; lastKnownFileType = sourcecode.swift; path = PeerBrowser.swift; sourceTree = "<group>"; };
		38C85823B90ACADB3F57C706 /* TransferClient.swift */ = {isa = PBXFileReference; lastKnownFileType = sourcecode.swift; path = TransferClient.swift; sourceTree = "<group>"; };
		4A2C351C1265996456B9DDFE /* Assets.xcassets */ = {isa = PBXFileReference; lastKnownFileType = folder.assetcatalog; path = Assets.xcassets; sourceTree = "<group>"; };
		5432F29141E5189E1958F9DE /* GospelView.swift */ = {isa = PBXFileReference; lastKnownFileType = sourcecode.swift; path = GospelView.swift; sourceTree = "<group>"; };
		5DB0393CC5A813628DEA2264 /* TransferModels.swift */ = {isa = PBXFileReference; lastKnownFileType = sourcecode.swift; path = TransferModels.swift; sourceTree = "<group>"; };
		7EBBB1799338B1D3BA2B6F74 /* ByteCountFormatting.swift */ = {isa = PBXFileReference; lastKnownFileType = sourcecode.swift; path = ByteCountFormatting.swift; sourceTree = "<group>"; };
		8A112E8054C5703B662607CC /* BonjourInstanceName.swift */ = {isa = PBXFileReference; lastKnownFileType = sourcecode.swift; path = BonjourInstanceName.swift; sourceTree = "<group>"; };
		8BE1FFD59DEB3E418DF63447 /* ContentView.swift */ = {isa = PBXFileReference; lastKnownFileType = sourcecode.swift; path = ContentView.swift; sourceTree = "<group>"; };
		905D5E34423DABAD9938BC64 /* FileHustle.app */ = {isa = PBXFileReference; includeInIndex = 0; lastKnownFileType = wrapper.application; path = FileHustle.app; sourceTree = BUILT_PRODUCTS_DIR; };
		9096DF6AAAC2044834A19A7E /* TransferServer.swift */ = {isa = PBXFileReference; lastKnownFileType = sourcecode.swift; path = TransferServer.swift; sourceTree = "<group>"; };
		AABFBAFEC4FA714747B986F8 /* FileHustleApp.swift */ = {isa = PBXFileReference; lastKnownFileType = sourcecode.swift; path = FileHustleApp.swift; sourceTree = "<group>"; };
		B948FD5111E2E38518484A78 /* ConnectionReader.swift */ = {isa = PBXFileReference; lastKnownFileType = sourcecode.swift; path = ConnectionReader.swift; sourceTree = "<group>"; };
		B9B794ECE0269FC3991C4A9C /* NWConnection+Async.swift */ = {isa = PBXFileReference; lastKnownFileType = sourcecode.swift; path = "NWConnection+Async.swift"; sourceTree = "<group>"; };
		BC7E1440DE7564141BA6801E /* AboutView.swift */ = {isa = PBXFileReference; lastKnownFileType = sourcecode.swift; path = AboutView.swift; sourceTree = "<group>"; };
		F3682AD0C55B235F4012CC34 /* PulsingCrossButton.swift */ = {isa = PBXFileReference; lastKnownFileType = sourcecode.swift; path = PulsingCrossButton.swift; sourceTree = "<group>"; };
		F4C4AA36BB4A66B17595DCD6 /* IncomingTransferSheet.swift */ = {isa = PBXFileReference; lastKnownFileType = sourcecode.swift; path = IncomingTransferSheet.swift; sourceTree = "<group>"; };
/* End PBXFileReference section */

/* Begin PBXFrameworksBuildPhase section */
		93FB2630A9C8355E798C9FA6 /* Frameworks */ = {
			isa = PBXFrameworksBuildPhase;
			buildActionMask = 2147483647;
			files = (
				6EAE0A10C4C43086E9182B3D /* ZIPFoundation in Frameworks */,
			);
			runOnlyForDeploymentPostprocessing = 0;
		};
/* End PBXFrameworksBuildPhase section */

/* Begin PBXGroup section */
		27413307038BD951AFBD6363 /* Networking */ = {
			isa = PBXGroup;
			children = (
				8A112E8054C5703B662607CC /* BonjourInstanceName.swift */,
				B948FD5111E2E38518484A78 /* ConnectionReader.swift */,
				1239866AA7DB440034EA9251 /* DeviceIdentity.swift */,
				B9B794ECE0269FC3991C4A9C /* NWConnection+Async.swift */,
				36E2C22D61BE1728854064AA /* PeerBrowser.swift */,
				38C85823B90ACADB3F57C706 /* TransferClient.swift */,
				24EEC8040246727B997312F9 /* TransferHistoryStore.swift */,
				9096DF6AAAC2044834A19A7E /* TransferServer.swift */,
			);
			path = Networking;
			sourceTree = "<group>";
		};
		329C90140C77943ED58AA74A /* Views */ = {
			isa = PBXGroup;
			children = (
				BC7E1440DE7564141BA6801E /* AboutView.swift */,
				7EBBB1799338B1D3BA2B6F74 /* ByteCountFormatting.swift */,
				8BE1FFD59DEB3E418DF63447 /* ContentView.swift */,
				5432F29141E5189E1958F9DE /* GospelView.swift */,
				F4C4AA36BB4A66B17595DCD6 /* IncomingTransferSheet.swift */,
				F3682AD0C55B235F4012CC34 /* PulsingCrossButton.swift */,
				0DDADF61DD3B1B567607E140 /* TransferHistoryRow.swift */,
			);
			path = Views;
			sourceTree = "<group>";
		};
		637A4F619AE9DBCDCBF1C28D /* Products */ = {
			isa = PBXGroup;
			children = (
				905D5E34423DABAD9938BC64 /* FileHustle.app */,
			);
			name = Products;
			sourceTree = "<group>";
		};
		80DD9C85D20D28A53443F89C /* Models */ = {
			isa = PBXGroup;
			children = (
				5DB0393CC5A813628DEA2264 /* TransferModels.swift */,
			);
			path = Models;
			sourceTree = "<group>";
		};
		9C07392FD4C355F839BD9FA4 = {
			isa = PBXGroup;
			children = (
				CE1E9F1D8166DD7988532F66 /* FileHustle */,
				637A4F619AE9DBCDCBF1C28D /* Products */,
			);
			sourceTree = "<group>";
		};
		CE1E9F1D8166DD7988532F66 /* FileHustle */ = {
			isa = PBXGroup;
			children = (
				4A2C351C1265996456B9DDFE /* Assets.xcassets */,
				AABFBAFEC4FA714747B986F8 /* FileHustleApp.swift */,
				80DD9C85D20D28A53443F89C /* Models */,
				27413307038BD951AFBD6363 /* Networking */,
				329C90140C77943ED58AA74A /* Views */,
			);
			path = FileHustle;
			sourceTree = "<group>";
		};
/* End PBXGroup section */

/* Begin PBXNativeTarget section */
		C7B46C99C2BB432C52324F95 /* FileHustle */ = {
			isa = PBXNativeTarget;
			buildConfigurationList = 93ED7CEA2521820C534A4C80 /* Build configuration list for PBXNativeTarget "FileHustle" */;
			buildPhases = (
				C5E54D1A1C9A1D359DD92543 /* Sources */,
				64265975B390B51F4968FDB3 /* Resources */,
				93FB2630A9C8355E798C9FA6 /* Frameworks */,
			);
			buildRules = (
			);
			dependencies = (
			);
			name = FileHustle;
			packageProductDependencies = (
				91DD657150A8D4E642970DC3 /* ZIPFoundation */,
			);
			productName = FileHustle;
			productReference = 905D5E34423DABAD9938BC64 /* FileHustle.app */;
			productType = "com.apple.product-type.application";
		};
/* End PBXNativeTarget section */

/* Begin PBXProject section */
		754FA1B0F0A2199C214C7D97 /* Project object */ = {
			isa = PBXProject;
			attributes = {
				BuildIndependentTargetsInParallel = YES;
				LastUpgradeCheck = 1430;
				TargetAttributes = {
					C7B46C99C2BB432C52324F95 = {
						DevelopmentTeam = AKUJ9V4SZ3;
						ProvisioningStyle = Automatic;
					};
				};
			};
			buildConfigurationList = 95B2D9C7E0BCE0DC9B571737 /* Build configuration list for PBXProject "FileHustle" */;
			developmentRegion = en;
			hasScannedForEncodings = 0;
			knownRegions = (
				Base,
				en,
			);
			mainGroup = 9C07392FD4C355F839BD9FA4;
			minimizedProjectReferenceProxies = 1;
			packageReferences = (
				EBA3E340F153CCB4906369C4 /* XCRemoteSwiftPackageReference "ZIPFoundation" */,
			);
			preferredProjectObjectVersion = 77;
			productRefGroup = 637A4F619AE9DBCDCBF1C28D /* Products */;
			projectDirPath = "";
			projectRoot = "";
			targets = (
				C7B46C99C2BB432C52324F95 /* FileHustle */,
			);
		};
/* End PBXProject section */

/* Begin PBXResourcesBuildPhase section */
		64265975B390B51F4968FDB3 /* Resources */ = {
			isa = PBXResourcesBuildPhase;
			buildActionMask = 2147483647;
			files = (
				477530F4F4A0291DF5232C9D /* Assets.xcassets in Resources */,
			);
			runOnlyForDeploymentPostprocessing = 0;
		};
/* End PBXResourcesBuildPhase section */

/* Begin PBXSourcesBuildPhase section */
		C5E54D1A1C9A1D359DD92543 /* Sources */ = {
			isa = PBXSourcesBuildPhase;
			buildActionMask = 2147483647;
			files = (
				965233A70FD2942B9E2AF68C /* AboutView.swift in Sources */,
				E08DA3D19654C0C43276EC8F /* BonjourInstanceName.swift in Sources */,
				E0C5850C221E67387157E8F0 /* ByteCountFormatting.swift in Sources */,
				53399A7D7D4E5EAC66E528B0 /* ConnectionReader.swift in Sources */,
				CDBDFE0BAE8A58DC4186EE13 /* ContentView.swift in Sources */,
				897E449C41E9AD0DE4FBBBA4 /* DeviceIdentity.swift in Sources */,
				7BA5C4E651F2AACC5CE5359B /* FileHustleApp.swift in Sources */,
				15E4C6E77A732228CB6A85E4 /* GospelView.swift in Sources */,
				B5A3C13ACBFA0563D27395DD /* IncomingTransferSheet.swift in Sources */,
				C86363C6D870F5C02878E0FF /* NWConnection+Async.swift in Sources */,
				D7FD96603F9E17456EC8422C /* PeerBrowser.swift in Sources */,
				E7916DD4F980B7DF01A8D6FF /* PulsingCrossButton.swift in Sources */,
				1D8DD35759F0A18540D54991 /* TransferClient.swift in Sources */,
				80ED50641049577D6BEEE7EE /* TransferHistoryRow.swift in Sources */,
				230A4766305DD548CB2D344B /* TransferHistoryStore.swift in Sources */,
				B4CF2DE84D9DD8B4673722D6 /* TransferModels.swift in Sources */,
				40A5AB411E09E16FD7CBD087 /* TransferServer.swift in Sources */,
			);
			runOnlyForDeploymentPostprocessing = 0;
		};
/* End PBXSourcesBuildPhase section */

/* Begin XCBuildConfiguration section */
		B3421C661EEAB32648E8ADEC /* Release */ = {
			isa = XCBuildConfiguration;
			buildSettings = {
				ALWAYS_SEARCH_USER_PATHS = NO;
				CLANG_ANALYZER_NONNULL = YES;
				CLANG_ANALYZER_NUMBER_OBJECT_CONVERSION = YES_AGGRESSIVE;
				CLANG_CXX_LANGUAGE_STANDARD = "gnu++14";
				CLANG_CXX_LIBRARY = "libc++";
				CLANG_ENABLE_MODULES = YES;
				CLANG_ENABLE_OBJC_ARC = YES;
				CLANG_ENABLE_OBJC_WEAK = YES;
				CLANG_WARN_BLOCK_CAPTURE_AUTORELEASING = YES;
				CLANG_WARN_BOOL_CONVERSION = YES;
				CLANG_WARN_COMMA = YES;
				CLANG_WARN_CONSTANT_CONVERSION = YES;
				CLANG_WARN_DEPRECATED_OBJC_IMPLEMENTATIONS = YES;
				CLANG_WARN_DIRECT_OBJC_ISA_USAGE = YES_ERROR;
				CLANG_WARN_DOCUMENTATION_COMMENTS = YES;
				CLANG_WARN_EMPTY_BODY = YES;
				CLANG_WARN_ENUM_CONVERSION = YES;
				CLANG_WARN_INFINITE_RECURSION = YES;
				CLANG_WARN_INT_CONVERSION = YES;
				CLANG_WARN_NON_LITERAL_NULL_CONVERSION = YES;
				CLANG_WARN_OBJC_IMPLICIT_RETAIN_SELF = YES;
				CLANG_WARN_OBJC_LITERAL_CONVERSION = YES;
				CLANG_WARN_OBJC_ROOT_CLASS = YES_ERROR;
				CLANG_WARN_QUOTED_INCLUDE_IN_FRAMEWORK_HEADER = YES;
				CLANG_WARN_RANGE_LOOP_ANALYSIS = YES;
				CLANG_WARN_STRICT_PROTOTYPES = YES;
				CLANG_WARN_SUSPICIOUS_MOVE = YES;
				CLANG_WARN_UNGUARDED_AVAILABILITY = YES_AGGRESSIVE;
				CLANG_WARN_UNREACHABLE_CODE = YES;
				CLANG_WARN__DUPLICATE_METHOD_MATCH = YES;
				CODE_SIGN_STYLE = Automatic;
				COPY_PHASE_STRIP = NO;
				DEBUG_INFORMATION_FORMAT = "dwarf-with-dsym";
				DEVELOPMENT_TEAM = AKUJ9V4SZ3;
				ENABLE_NS_ASSERTIONS = NO;
				ENABLE_STRICT_OBJC_MSGSEND = YES;
				GCC_C_LANGUAGE_STANDARD = gnu11;
				GCC_NO_COMMON_BLOCKS = YES;
				GCC_WARN_64_TO_32_BIT_CONVERSION = YES;
				GCC_WARN_ABOUT_RETURN_TYPE = YES_ERROR;
				GCC_WARN_UNDECLARED_SELECTOR = YES;
				GCC_WARN_UNINITIALIZED_AUTOS = YES_AGGRESSIVE;
				GCC_WARN_UNUSED_FUNCTION = YES;
				GCC_WARN_UNUSED_VARIABLE = YES;
				IPHONEOS_DEPLOYMENT_TARGET = 17.0;
				MTL_ENABLE_DEBUG_INFO = NO;
				MTL_FAST_MATH = YES;
				PRODUCT_NAME = "$(TARGET_NAME)";
				SDKROOT = iphoneos;
				SWIFT_COMPILATION_MODE = wholemodule;
				SWIFT_OPTIMIZATION_LEVEL = "-O";
				SWIFT_VERSION = 5.0;
			};
			name = Release;
		};
		E413E46A9CB75BD3D8B8AFA7 /* Debug */ = {
			isa = XCBuildConfiguration;
			buildSettings = {
				ALWAYS_SEARCH_USER_PATHS = NO;
				CLANG_ANALYZER_NONNULL = YES;
				CLANG_ANALYZER_NUMBER_OBJECT_CONVERSION = YES_AGGRESSIVE;
				CLANG_CXX_LANGUAGE_STANDARD = "gnu++14";
				CLANG_CXX_LIBRARY = "libc++";
				CLANG_ENABLE_MODULES = YES;
				CLANG_ENABLE_OBJC_ARC = YES;
				CLANG_ENABLE_OBJC_WEAK = YES;
				CLANG_WARN_BLOCK_CAPTURE_AUTORELEASING = YES;
				CLANG_WARN_BOOL_CONVERSION = YES;
				CLANG_WARN_COMMA = YES;
				CLANG_WARN_CONSTANT_CONVERSION = YES;
				CLANG_WARN_DEPRECATED_OBJC_IMPLEMENTATIONS = YES;
				CLANG_WARN_DIRECT_OBJC_ISA_USAGE = YES_ERROR;
				CLANG_WARN_DOCUMENTATION_COMMENTS = YES;
				CLANG_WARN_EMPTY_BODY = YES;
				CLANG_WARN_ENUM_CONVERSION = YES;
				CLANG_WARN_INFINITE_RECURSION = YES;
				CLANG_WARN_INT_CONVERSION = YES;
				CLANG_WARN_NON_LITERAL_NULL_CONVERSION = YES;
				CLANG_WARN_OBJC_IMPLICIT_RETAIN_SELF = YES;
				CLANG_WARN_OBJC_LITERAL_CONVERSION = YES;
				CLANG_WARN_OBJC_ROOT_CLASS = YES_ERROR;
				CLANG_WARN_QUOTED_INCLUDE_IN_FRAMEWORK_HEADER = YES;
				CLANG_WARN_RANGE_LOOP_ANALYSIS = YES;
				CLANG_WARN_STRICT_PROTOTYPES = YES;
				CLANG_WARN_SUSPICIOUS_MOVE = YES;
				CLANG_WARN_UNGUARDED_AVAILABILITY = YES_AGGRESSIVE;
				CLANG_WARN_UNREACHABLE_CODE = YES;
				CLANG_WARN__DUPLICATE_METHOD_MATCH = YES;
				CODE_SIGN_STYLE = Automatic;
				COPY_PHASE_STRIP = NO;
				DEBUG_INFORMATION_FORMAT = dwarf;
				DEVELOPMENT_TEAM = AKUJ9V4SZ3;
				ENABLE_STRICT_OBJC_MSGSEND = YES;
				ENABLE_TESTABILITY = YES;
				GCC_C_LANGUAGE_STANDARD = gnu11;
				GCC_DYNAMIC_NO_PIC = NO;
				GCC_NO_COMMON_BLOCKS = YES;
				GCC_OPTIMIZATION_LEVEL = 0;
				GCC_PREPROCESSOR_DEFINITIONS = (
					"$(inherited)",
					"DEBUG=1",
				);
				GCC_WARN_64_TO_32_BIT_CONVERSION = YES;
				GCC_WARN_ABOUT_RETURN_TYPE = YES_ERROR;
				GCC_WARN_UNDECLARED_SELECTOR = YES;
				GCC_WARN_UNINITIALIZED_AUTOS = YES_AGGRESSIVE;
				GCC_WARN_UNUSED_FUNCTION = YES;
				GCC_WARN_UNUSED_VARIABLE = YES;
				IPHONEOS_DEPLOYMENT_TARGET = 17.0;
				MTL_ENABLE_DEBUG_INFO = INCLUDE_SOURCE;
				MTL_FAST_MATH = YES;
				ONLY_ACTIVE_ARCH = YES;
				PRODUCT_NAME = "$(TARGET_NAME)";
				SDKROOT = iphoneos;
				SWIFT_ACTIVE_COMPILATION_CONDITIONS = DEBUG;
				SWIFT_OPTIMIZATION_LEVEL = "-Onone";
				SWIFT_VERSION = 5.0;
			};
			name = Debug;
		};
		E8456F8BD78BCDDE77DEFA82 /* Debug */ = {
			isa = XCBuildConfiguration;
			buildSettings = {
				ASSETCATALOG_COMPILER_APPICON_NAME = AppIcon;
				CODE_SIGN_IDENTITY = "iPhone Developer";
				CURRENT_PROJECT_VERSION = 1;
				GENERATE_INFOPLIST_FILE = YES;
				INFOPLIST_FILE = "FileHustle/Supplementary-Info.plist";
				INFOPLIST_KEY_CFBundleDisplayName = FileHustle;
				INFOPLIST_KEY_ITSAppUsesNonExemptEncryption = NO;
				INFOPLIST_KEY_UILaunchScreen_Generation = YES;
				LD_RUNPATH_SEARCH_PATHS = (
					"$(inherited)",
					"@executable_path/Frameworks",
				);
				MARKETING_VERSION = 1.0.0;
				PRODUCT_BUNDLE_IDENTIFIER = com.hustle.filehustleios;
				SDKROOT = iphoneos;
				TARGETED_DEVICE_FAMILY = "1,2";
			};
			name = Debug;
		};
		F5DB6DC1E0E4A55F22260BC8 /* Release */ = {
			isa = XCBuildConfiguration;
			buildSettings = {
				ASSETCATALOG_COMPILER_APPICON_NAME = AppIcon;
				CODE_SIGN_IDENTITY = "iPhone Developer";
				CURRENT_PROJECT_VERSION = 1;
				GENERATE_INFOPLIST_FILE = YES;
				INFOPLIST_FILE = "FileHustle/Supplementary-Info.plist";
				INFOPLIST_KEY_CFBundleDisplayName = FileHustle;
				INFOPLIST_KEY_ITSAppUsesNonExemptEncryption = NO;
				INFOPLIST_KEY_UILaunchScreen_Generation = YES;
				LD_RUNPATH_SEARCH_PATHS = (
					"$(inherited)",
					"@executable_path/Frameworks",
				);
				MARKETING_VERSION = 1.0.0;
				PRODUCT_BUNDLE_IDENTIFIER = com.hustle.filehustleios;
				SDKROOT = iphoneos;
				TARGETED_DEVICE_FAMILY = "1,2";
			};
			name = Release;
		};
/* End XCBuildConfiguration section */

/* Begin XCConfigurationList section */
		93ED7CEA2521820C534A4C80 /* Build configuration list for PBXNativeTarget "FileHustle" */ = {
			isa = XCConfigurationList;
			buildConfigurations = (
				E8456F8BD78BCDDE77DEFA82 /* Debug */,
				F5DB6DC1E0E4A55F22260BC8 /* Release */,
			);
			defaultConfigurationIsVisible = 0;
			defaultConfigurationName = Debug;
		};
		95B2D9C7E0BCE0DC9B571737 /* Build configuration list for PBXProject "FileHustle" */ = {
			isa = XCConfigurationList;
			buildConfigurations = (
				E413E46A9CB75BD3D8B8AFA7 /* Debug */,
				B3421C661EEAB32648E8ADEC /* Release */,
			);
			defaultConfigurationIsVisible = 0;
			defaultConfigurationName = Debug;
		};
/* End XCConfigurationList section */

/* Begin XCRemoteSwiftPackageReference section */
		EBA3E340F153CCB4906369C4 /* XCRemoteSwiftPackageReference "ZIPFoundation" */ = {
			isa = XCRemoteSwiftPackageReference;
			repositoryURL = "https://github.com/weichsel/ZIPFoundation.git";
			requirement = {
				kind = upToNextMajorVersion;
				minimumVersion = 0.9.19;
			};
		};
/* End XCRemoteSwiftPackageReference section */

/* Begin XCSwiftPackageProductDependency section */
		91DD657150A8D4E642970DC3 /* ZIPFoundation */ = {
			isa = XCSwiftPackageProductDependency;
			package = EBA3E340F153CCB4906369C4 /* XCRemoteSwiftPackageReference "ZIPFoundation" */;
			productName = ZIPFoundation;
		};
/* End XCSwiftPackageProductDependency section */
	};
	rootObject = 754FA1B0F0A2199C214C7D97 /* Project object */;
}
